
Microsoft Visual Studio Solution File, Format Version 12.00
# Visual Studio 15
VisualStudioVersion = 15.0.27428.2015
MinimumVisualStudioVersion = 10.0.40219.1
Project("{FAE04EC0-301F-11D3-BF4B-00C04F79EFBC}") = "PersonRepository.Interface", "PersonRepository.Interface\PersonRepository.Interface.csproj", "{1017EDAE-216E-45E5-BCB6-22A76F464F79}"
EndProject
Project("{FAE04EC0-301F-11D3-BF4B-00C04F79EFBC}") = "PersonRepository.Service", "..\PersonRepository.Service\PersonRepository.Service.csproj", "{A78D9EE3-20AD-4635-ACE8-6315646DF66A}"
EndProject
Project("{2150E333-8FDC-42A3-9474-1A3956D46DE8}") = "Services", "Services", "{F02BFAAB-CD9B-429E-ACE6-F0A47E8EA60A}"
EndProject
Project("{FAE04EC0-301F-11D3-BF4B-00C04F79EFBC}") = "People.Service", "..\..\Services\People.Service\People.Service.csproj", "{561D887D-9B7F-4B6F-8A1F-0E48FA7FA3D6}"
EndProject
Project("{2150E333-8FDC-42A3-9474-1A3956D46DE8}") = "Repositories", "Repositories", "{2DCBA4A2-75A7-409A-9823-158E3244B6A1}"
EndProject
Global
	GlobalSection(SolutionConfigurationPlatforms) = preSolution
		Debug|Any CPU = Debug|Any CPU
		Release|Any CPU = Release|Any CPU
	EndGlobalSection
	GlobalSection(ProjectConfigurationPlatforms) = postSolution
		{1017EDAE-216E-45E5-BCB6-22A76F464F79}.Debug|Any CPU.ActiveCfg = Debug|Any CPU
		{1017EDAE-216E-45E5-BCB6-22A76F464F79}.Debug|Any CPU.Build.0 = Debug|Any CPU
		{1017EDAE-216E-45E5-BCB6-22A76F464F79}.Release|Any CPU.ActiveCfg = Release|Any CPU
		{1017EDAE-216E-45E5-BCB6-22A76F464F79}.Release|Any CPU.Build.0 = Release|Any CPU
		{A78D9EE3-20AD-4635-ACE8-6315646DF66A}.Debug|Any CPU.ActiveCfg = Debug|Any CPU
		{A78D9EE3-20AD-4635-ACE8-6315646DF66A}.Debug|Any CPU.Build.0 = Debug|Any CPU
		{A78D9EE3-20AD-4635-ACE8-6315646DF66A}.Release|Any CPU.ActiveCfg = Release|Any CPU
		{A78D9EE3-20AD-4635-ACE8-6315646DF66A}.Release|Any CPU.Build.0 = Release|Any CPU
		{561D887D-9B7F-4B6F-8A1F-0E48FA7FA3D6}.Debug|Any CPU.ActiveCfg = Debug|Any CPU
		{561D887D-9B7F-4B6F-8A1F-0E48FA7FA3D6}.Debug|Any CPU.Build.0 = Debug|Any CPU
		{561D887D-9B7F-4B6F-8A1F-0E48FA7FA3D6}.Release|Any CPU.ActiveCfg = Release|Any CPU
		{561D887D-9B7F-4B6F-8A1F-0E48FA7FA3D6}.Release|Any CPU.Build.0 = Release|Any CPU
	EndGlobalSection
	GlobalSection(SolutionProperties) = preSolution
		HideSolutionNode = FALSE
	EndGlobalSection
	GlobalSection(NestedProjects) = preSolution
		{1017EDAE-216E-45E5-BCB6-22A76F464F79} = {2DCBA4A2-75A7-409A-9823-158E3244B6A1}
		{A78D9EE3-20AD-4635-ACE8-6315646DF66A} = {2DCBA4A2-75A7-409A-9823-158E3244B6A1}
		{561D887D-9B7F-4B6F-8A1F-0E48FA7FA3D6} = {F02BFAAB-CD9B-429E-ACE6-F0A47E8EA60A}
	EndGlobalSection
	GlobalSection(ExtensibilityGlobals) = postSolution
		SolutionGuid = {E4F11F69-6A43-41AA-8710-98CEE48CFC3B}
	EndGlobalSection
EndGlobal
